
Microsoft Visual Studio Solution File, Format Version 12.00
# Visual Studio 15
VisualStudioVersion = 15.0.27625.0
MinimumVisualStudioVersion = 10.0.40219.1
Project("{9A19103F-16F7-4668-BE54-9A1E7A4F7556}") = "Cogito.Json.Schema", "Cogito.Json.Schema\Cogito.Json.Schema.csproj", "{30A5DCD3-9C67-450F-9609-C811EE5A8390}"
EndProject
Project("{2150E333-8FDC-42A3-9474-1A3956D46DE8}") = "Solution Items", "Solution Items", "{840D9DDB-4FDB-4078-B7B0-B314633359A6}"
	ProjectSection(SolutionItems) = preProject
		..\.editorconfig = ..\.editorconfig
		..\appveyor.yml = ..\appveyor.yml
	EndProjectSection
EndProject
Project("{9A19103F-16F7-4668-BE54-9A1E7A4F7556}") = "Cogito.Json.Schema.Tests", "Cogito.Json.Schema.Tests\Cogito.Json.Schema.Tests.csproj", "{F5D2EE3C-9D99-462A-A75C-F92A2D2460F6}"
EndProject
Project("{FAE04EC0-301F-11D3-BF4B-00C04F79EFBC}") = "Cogito.Json.Schema.Validation", "Cogito.Json.Schema.Validation\Cogito.Json.Schema.Validation.csproj", "{10A3F39A-48A4-4D89-A123-D656F30FA05B}"
EndProject
Global
	GlobalSection(SolutionConfigurationPlatforms) = preSolution
		Debug|Any CPU = Debug|Any CPU
		Release|Any CPU = Release|Any CPU
	EndGlobalSection
	GlobalSection(ProjectConfigurationPlatforms) = postSolution
		{30A5DCD3-9C67-450F-9609-C811EE5A8390}.Debug|Any CPU.ActiveCfg = Debug|Any CPU
		{30A5DCD3-9C67-450F-9609-C811EE5A8390}.Debug|Any CPU.Build.0 = Debug|Any CPU
		{30A5DCD3-9C67-450F-9609-C811EE5A8390}.Release|Any CPU.ActiveCfg = Release|Any CPU
		{30A5DCD3-9C67-450F-9609-C811EE5A8390}.Release|Any CPU.Build.0 = Release|Any CPU
		{F5D2EE3C-9D99-462A-A75C-F92A2D2460F6}.Debug|Any CPU.ActiveCfg = Debug|Any CPU
		{F5D2EE3C-9D99-462A-A75C-F92A2D2460F6}.Debug|Any CPU.Build.0 = Debug|Any CPU
		{F5D2EE3C-9D99-462A-A75C-F92A2D2460F6}.Release|Any CPU.ActiveCfg = Release|Any CPU
		{F5D2EE3C-9D99-462A-A75C-F92A2D2460F6}.Release|Any CPU.Build.0 = Release|Any CPU
		{10A3F39A-48A4-4D89-A123-D656F30FA05B}.Debug|Any CPU.ActiveCfg = Debug|Any CPU
		{10A3F39A-48A4-4D89-A123-D656F30FA05B}.Debug|Any CPU.Build.0 = Debug|Any CPU
		{10A3F39A-48A4-4D89-A123-D656F30FA05B}.Release|Any CPU.ActiveCfg = Release|Any CPU
		{10A3F39A-48A4-4D89-A123-D656F30FA05B}.Release|Any CPU.Build.0 = Release|Any CPU
	EndGlobalSection
	GlobalSection(SolutionProperties) = preSolution
		HideSolutionNode = FALSE
	EndGlobalSection
	GlobalSection(ExtensibilityGlobals) = postSolution
		SolutionGuid = {1DFD15FE-14A0-49C0-818C-001A5F8EE166}
	EndGlobalSection
EndGlobal
